
Microsoft Visual Studio Solution File, Format Version 12.00
# Visual Studio Version 16
VisualStudioVersion = 16.0.31005.135
MinimumVisualStudioVersion = 10.0.40219.1
Project("{9A19103F-16F7-4668-BE54-9A1E7A4F7556}") = "PlaylistCreatorApp", "PlaylistCreatorApp\PlaylistCreatorApp.csproj", "{00F95A68-B8BA-4076-BD9E-9467AD2FD379}"
EndProject
Project("{9A19103F-16F7-4668-BE54-9A1E7A4F7556}") = "PlaylistCreatorLibrary", "PlaylistCreatorLibrary\PlaylistCreatorLibrary.csproj", "{53B4D084-1C1A-4CF6-A1AA-A06C0080CF98}"
EndProject
Project("{9A19103F-16F7-4668-BE54-9A1E7A4F7556}") = "LoggerLibrary", "LoggerLibrary\LoggerLibrary.csproj", "{FEDC9EF0-FA0F-41B8-AD3D-5F8DE766676D}"
EndProject
Global
	GlobalSection(SolutionConfigurationPlatforms) = preSolution
		Debug|Any CPU = Debug|Any CPU
		Release|Any CPU = Release|Any CPU
	EndGlobalSection
	GlobalSection(ProjectConfigurationPlatforms) = postSolution
		{00F95A68-B8BA-4076-BD9E-9467AD2FD379}.Debug|Any CPU.ActiveCfg = Debug|Any CPU
		{00F95A68-B8BA-4076-BD9E-9467AD2FD379}.Debug|Any CPU.Build.0 = Debug|Any CPU
		{00F95A68-B8BA-4076-BD9E-9467AD2FD379}.Release|Any CPU.ActiveCfg = Release|Any CPU
		{00F95A68-B8BA-4076-BD9E-9467AD2FD379}.Release|Any CPU.Build.0 = Release|Any CPU
		{53B4D084-1C1A-4CF6-A1AA-A06C0080CF98}.Debug|Any CPU.ActiveCfg = Debug|Any CPU
		{53B4D084-1C1A-4CF6-A1AA-A06C0080CF98}.Debug|Any CPU.Build.0 = Debug|Any CPU
		{53B4D084-1C1A-4CF6-A1AA-A06C0080CF98}.Release|Any CPU.ActiveCfg = Release|Any CPU
		{53B4D084-1C1A-4CF6-A1AA-A06C0080CF98}.Release|Any CPU.Build.0 = Release|Any CPU
		{FEDC9EF0-FA0F-41B8-AD3D-5F8DE766676D}.Debug|Any CPU.ActiveCfg = Debug|Any CPU
		{FEDC9EF0-FA0F-41B8-AD3D-5F8DE766676D}.Debug|Any CPU.Build.0 = Debug|Any CPU
		{FEDC9EF0-FA0F-41B8-AD3D-5F8DE766676D}.Release|Any CPU.ActiveCfg = Release|Any CPU
		{FEDC9EF0-FA0F-41B8-AD3D-5F8DE766676D}.Release|Any CPU.Build.0 = Release|Any CPU
	EndGlobalSection
	GlobalSection(SolutionProperties) = preSolution
		HideSolutionNode = FALSE
	EndGlobalSection
	GlobalSection(ExtensibilityGlobals) = postSolution
		SolutionGuid = {8849503C-4769-46CD-A8C2-E64FF345D9BA}
	EndGlobalSection
EndGlobal
